{
  "object": {
    "pins": [
      {
        "package": "Drops",
        "repositoryURL": "https://github.com/omaralbeik/Drops.git",
        "state": {
          "branch": null,
          "revision": "6b92e725fd2cc392d8fac29270751d1fa8e3480b",
          "version": "1.4.0"
        }
      },
      {
        "package": "FancyScrollView",
        "repositoryURL": "https://github.com/nerdsupremacist/FancyScrollView.git",
        "state": {
          "branch": null,
          "revision": "7f8194b23dc209cdb5b0ebc9799a8de487166fdf",
          "version": "0.1.4"
        }
      },
      {
        "package": "LocalConsole",
        "repositoryURL": "https://github.com/duraidabdul/LocalConsole.git",
        "state": {
          "branch": null,
          "revision": "d995119198d9c4379ac5b2e023452dbde9162ce0",
          "version": "1.9.5"
        }
      },
      {
        "package": "Presentation",
        "repositoryURL": "https://github.com/SwiftUI-Plus/Presentation.git",
        "state": {
          "branch": null,
          "revision": "d3c31bf2e5bd834ac4624b6629849232ffb83f2c",
          "version": "1.3.0"
        }
      },
      {
        "package": "Shiny",
        "repositoryURL": "https://github.com/maustinstar/shiny.git",
        "state": {
          "branch": "master",
          "revision": "862360b8ab6b9ea9eb1156569a30f154b22625a5",
          "version": null
        }
      },
      {
        "package": "SlideOverCard",
        "repositoryURL": "https://github.com/joogps/SlideOverCard.git",
        "state": {
          "branch": null,
          "revision": "ddafedae02dc5423aa872b274d9011412dc4837f",
          "version": "2.0.0"
        }
      },
      {
        "package": "SQLite.swift",
        "repositoryURL": "https://github.com/stephencelis/SQLite.swift.git",
        "state": {
          "branch": "master",
          "revision": "593a7495579a4bdba13490cd1da6296dbcea1f9e",
          "version": null
        }
      }
    ]
  },
  "version": 1
}
